
Microsoft Visual Studio Solution File, Format Version 12.00
# Visual Studio 15
Project("{FAE04EC0-301F-11D3-BF4B-00C04F79EFBC}") = "Assembly-CSharp-Editor", "Assembly-CSharp-Editor.csproj", "{AF324615-A62C-C3F1-5A67-155FCD9F34F3}"
EndProject
Project("{FAE04EC0-301F-11D3-BF4B-00C04F79EFBC}") = "Assembly-CSharp", "Assembly-CSharp.csproj", "{74D8D9B3-5D3F-9C25-E515-BF2C90014581}"
EndProject
Global
	GlobalSection(SolutionConfigurationPlatforms) = preSolution
		Debug|Any CPU = Debug|Any CPU
		Release|Any CPU = Release|Any CPU
	EndGlobalSection
	GlobalSection(ProjectConfigurationPlatforms) = postSolution
		{AF324615-A62C-C3F1-5A67-155FCD9F34F3}.Debug|Any CPU.ActiveCfg = Debug|Any CPU
		{AF324615-A62C-C3F1-5A67-155FCD9F34F3}.Debug|Any CPU.Build.0 = Debug|Any CPU
		{AF324615-A62C-C3F1-5A67-155FCD9F34F3}.Release|Any CPU.ActiveCfg = Release|Any CPU
		{AF324615-A62C-C3F1-5A67-155FCD9F34F3}.Release|Any CPU.Build.0 = Release|Any CPU
		{74D8D9B3-5D3F-9C25-E515-BF2C90014581}.Debug|Any CPU.ActiveCfg = Debug|Any CPU
		{74D8D9B3-5D3F-9C25-E515-BF2C90014581}.Debug|Any CPU.Build.0 = Debug|Any CPU
		{74D8D9B3-5D3F-9C25-E515-BF2C90014581}.Release|Any CPU.ActiveCfg = Release|Any CPU
		{74D8D9B3-5D3F-9C25-E515-BF2C90014581}.Release|Any CPU.Build.0 = Release|Any CPU
	EndGlobalSection
	GlobalSection(SolutionProperties) = preSolution
		HideSolutionNode = FALSE
	EndGlobalSection
EndGlobal
